
Microsoft Visual Studio Solution File, Format Version 12.00
# Visual Studio Version 17
VisualStudioVersion = 17.7.34031.279
MinimumVisualStudioVersion = 10.0.40219.1
Project("{2150E333-8FDC-42A3-9474-1A3956D46DE8}") = "src", "src", "{A93F672E-3235-422E-9F99-A4A2AD7BA603}"
EndProject
Project("{2150E333-8FDC-42A3-9474-1A3956D46DE8}") = "API", "API", "{D4F74F20-1D5B-4050-86D9-270860605AB6}"
EndProject
Project("{2150E333-8FDC-42A3-9474-1A3956D46DE8}") = "Core", "Core", "{96100CA9-3BF5-49E0-A688-AF8FCFCF54C7}"
EndProject
Project("{9A19103F-16F7-4668-BE54-9A1E7A4F7556}") = "SaatecHrManagment.Domain", "SaatecHrManagment.Domain\SaatecHrManagment.Domain.csproj", "{9E55A717-6B0D-47BE-AB4F-693707BA3698}"
EndProject
Project("{9A19103F-16F7-4668-BE54-9A1E7A4F7556}") = "SaatecHrManagment.Application", "SaatecHrManagment.Application\SaatecHrManagment.Application.csproj", "{6CF3EDFB-A3B6-4473-AD0F-6B6BC685DE41}"
EndProject
Project("{2150E333-8FDC-42A3-9474-1A3956D46DE8}") = "Infrastructure", "Infrastructure", "{3373DF21-2AA4-4BB0-8BA3-CB3CDEE90F5B}"
EndProject
Project("{9A19103F-16F7-4668-BE54-9A1E7A4F7556}") = "SaatecHrManagment.Infrastructure", "SaatecHrManagment.Infrastructure\SaatecHrManagment.Infrastructure.csproj", "{B9E57863-1036-41AE-9E37-7EB560CC179A}"
EndProject
Project("{9A19103F-16F7-4668-BE54-9A1E7A4F7556}") = "SaatecHRmanagment.WebApi", "SaatecHRmanagment.WebApi\SaatecHRmanagment.WebApi.csproj", "{6E32D3EC-2FAB-4281-B772-B63925AE1E89}"
EndProject
Project("{9A19103F-16F7-4668-BE54-9A1E7A4F7556}") = "SaatecHrManagement.Persistence", "SaatecHrManagement.Persistence\SaatecHrManagement.Persistence.csproj", "{20789711-C644-4F58-834B-CAB1581D5BE3}"
EndProject
Project("{2150E333-8FDC-42A3-9474-1A3956D46DE8}") = "UI", "UI", "{A895F5B1-B1FF-4C7C-B04E-0340DBAF1859}"
EndProject
Project("{FAE04EC0-301F-11D3-BF4B-00C04F79EFBC}") = "HRLeaveOut.MVC", "HRLeaveOut.MVC\HRLeaveOut.MVC.csproj", "{5F56942A-7AC8-44E3-B03C-ECBAE8689E52}"
EndProject
Project("{FAE04EC0-301F-11D3-BF4B-00C04F79EFBC}") = "Identity", "Identity\Identity.csproj", "{F844B7B0-83A1-456D-81B4-630155EDCAE8}"
EndProject
Global
	GlobalSection(SolutionConfigurationPlatforms) = preSolution
		Debug|Any CPU = Debug|Any CPU
		Release|Any CPU = Release|Any CPU
	EndGlobalSection
	GlobalSection(ProjectConfigurationPlatforms) = postSolution
		{9E55A717-6B0D-47BE-AB4F-693707BA3698}.Debug|Any CPU.ActiveCfg = Debug|Any CPU
		{9E55A717-6B0D-47BE-AB4F-693707BA3698}.Debug|Any CPU.Build.0 = Debug|Any CPU
		{9E55A717-6B0D-47BE-AB4F-693707BA3698}.Release|Any CPU.ActiveCfg = Release|Any CPU
		{9E55A717-6B0D-47BE-AB4F-693707BA3698}.Release|Any CPU.Build.0 = Release|Any CPU
		{6CF3EDFB-A3B6-4473-AD0F-6B6BC685DE41}.Debug|Any CPU.ActiveCfg = Debug|Any CPU
		{6CF3EDFB-A3B6-4473-AD0F-6B6BC685DE41}.Debug|Any CPU.Build.0 = Debug|Any CPU
		{6CF3EDFB-A3B6-4473-AD0F-6B6BC685DE41}.Release|Any CPU.ActiveCfg = Release|Any CPU
		{6CF3EDFB-A3B6-4473-AD0F-6B6BC685DE41}.Release|Any CPU.Build.0 = Release|Any CPU
		{B9E57863-1036-41AE-9E37-7EB560CC179A}.Debug|Any CPU.ActiveCfg = Debug|Any CPU
		{B9E57863-1036-41AE-9E37-7EB560CC179A}.Debug|Any CPU.Build.0 = Debug|Any CPU
		{B9E57863-1036-41AE-9E37-7EB560CC179A}.Release|Any CPU.ActiveCfg = Release|Any CPU
		{B9E57863-1036-41AE-9E37-7EB560CC179A}.Release|Any CPU.Build.0 = Release|Any CPU
		{6E32D3EC-2FAB-4281-B772-B63925AE1E89}.Debug|Any CPU.ActiveCfg = Debug|Any CPU
		{6E32D3EC-2FAB-4281-B772-B63925AE1E89}.Debug|Any CPU.Build.0 = Debug|Any CPU
		{6E32D3EC-2FAB-4281-B772-B63925AE1E89}.Release|Any CPU.ActiveCfg = Release|Any CPU
		{6E32D3EC-2FAB-4281-B772-B63925AE1E89}.Release|Any CPU.Build.0 = Release|Any CPU
		{20789711-C644-4F58-834B-CAB1581D5BE3}.Debug|Any CPU.ActiveCfg = Debug|Any CPU
		{20789711-C644-4F58-834B-CAB1581D5BE3}.Debug|Any CPU.Build.0 = Debug|Any CPU
		{20789711-C644-4F58-834B-CAB1581D5BE3}.Release|Any CPU.ActiveCfg = Release|Any CPU
		{20789711-C644-4F58-834B-CAB1581D5BE3}.Release|Any CPU.Build.0 = Release|Any CPU
		{5F56942A-7AC8-44E3-B03C-ECBAE8689E52}.Debug|Any CPU.ActiveCfg = Debug|Any CPU
		{5F56942A-7AC8-44E3-B03C-ECBAE8689E52}.Debug|Any CPU.Build.0 = Debug|Any CPU
		{5F56942A-7AC8-44E3-B03C-ECBAE8689E52}.Release|Any CPU.ActiveCfg = Release|Any CPU
		{5F56942A-7AC8-44E3-B03C-ECBAE8689E52}.Release|Any CPU.Build.0 = Release|Any CPU
		{F844B7B0-83A1-456D-81B4-630155EDCAE8}.Debug|Any CPU.ActiveCfg = Debug|Any CPU
		{F844B7B0-83A1-456D-81B4-630155EDCAE8}.Debug|Any CPU.Build.0 = Debug|Any CPU
		{F844B7B0-83A1-456D-81B4-630155EDCAE8}.Release|Any CPU.ActiveCfg = Release|Any CPU
		{F844B7B0-83A1-456D-81B4-630155EDCAE8}.Release|Any CPU.Build.0 = Release|Any CPU
	EndGlobalSection
	GlobalSection(SolutionProperties) = preSolution
		HideSolutionNode = FALSE
	EndGlobalSection
	GlobalSection(NestedProjects) = preSolution
		{D4F74F20-1D5B-4050-86D9-270860605AB6} = {A93F672E-3235-422E-9F99-A4A2AD7BA603}
		{96100CA9-3BF5-49E0-A688-AF8FCFCF54C7} = {A93F672E-3235-422E-9F99-A4A2AD7BA603}
		{9E55A717-6B0D-47BE-AB4F-693707BA3698} = {96100CA9-3BF5-49E0-A688-AF8FCFCF54C7}
		{6CF3EDFB-A3B6-4473-AD0F-6B6BC685DE41} = {96100CA9-3BF5-49E0-A688-AF8FCFCF54C7}
		{3373DF21-2AA4-4BB0-8BA3-CB3CDEE90F5B} = {A93F672E-3235-422E-9F99-A4A2AD7BA603}
		{B9E57863-1036-41AE-9E37-7EB560CC179A} = {3373DF21-2AA4-4BB0-8BA3-CB3CDEE90F5B}
		{6E32D3EC-2FAB-4281-B772-B63925AE1E89} = {D4F74F20-1D5B-4050-86D9-270860605AB6}
		{20789711-C644-4F58-834B-CAB1581D5BE3} = {3373DF21-2AA4-4BB0-8BA3-CB3CDEE90F5B}
		{A895F5B1-B1FF-4C7C-B04E-0340DBAF1859} = {A93F672E-3235-422E-9F99-A4A2AD7BA603}
		{5F56942A-7AC8-44E3-B03C-ECBAE8689E52} = {A895F5B1-B1FF-4C7C-B04E-0340DBAF1859}
		{F844B7B0-83A1-456D-81B4-630155EDCAE8} = {3373DF21-2AA4-4BB0-8BA3-CB3CDEE90F5B}
	EndGlobalSection
	GlobalSection(ExtensibilityGlobals) = postSolution
		SolutionGuid = {507DAB96-D43E-47C5-A7F4-8FE8A810805A}
	EndGlobalSection
EndGlobal
